
Microsoft Visual Studio Solution File, Format Version 12.00
# Visual Studio Version 17
VisualStudioVersion = 17.6.33815.320
MinimumVisualStudioVersion = 10.0.40219.1
Project("{FAE04EC0-301F-11D3-BF4B-00C04F79EFBC}") = "Link_ExtensionMethods", "Link_ExtensionMethods\Link_ExtensionMethods.csproj", "{F179C68C-2615-4894-B456-FE283C3A3DCB}"
EndProject
Global
	GlobalSection(SolutionConfigurationPlatforms) = preSolution
		Debug|Any CPU = Debug|Any CPU
		Release|Any CPU = Release|Any CPU
	EndGlobalSection
	GlobalSection(ProjectConfigurationPlatforms) = postSolution
		{F179C68C-2615-4894-B456-FE283C3A3DCB}.Debug|Any CPU.ActiveCfg = Debug|Any CPU
		{F179C68C-2615-4894-B456-FE283C3A3DCB}.Debug|Any CPU.Build.0 = Debug|Any CPU
		{F179C68C-2615-4894-B456-FE283C3A3DCB}.Release|Any CPU.ActiveCfg = Release|Any CPU
		{F179C68C-2615-4894-B456-FE283C3A3DCB}.Release|Any CPU.Build.0 = Release|Any CPU
	EndGlobalSection
	GlobalSection(SolutionProperties) = preSolution
		HideSolutionNode = FALSE
	EndGlobalSection
	GlobalSection(ExtensibilityGlobals) = postSolution
		SolutionGuid = {66E9A58A-7AA5-4779-B6DD-32893C9ED19E}
	EndGlobalSection
EndGlobal
